
Microsoft Visual Studio Solution File, Format Version 12.00
# Visual Studio 14
VisualStudioVersion = 14.0.25420.1
MinimumVisualStudioVersion = 10.0.40219.1
Project("{FAE04EC0-301F-11D3-BF4B-00C04F79EFBC}") = "AutomatedTesting", "AutomatedTesting\AutomatedTesting.csproj", "{0CF57BF7-B7C9-4E00-9F99-3854EE204944}"
EndProject
Project("{FAE04EC0-301F-11D3-BF4B-00C04F79EFBC}") = "UnitTestProject1", "UnitTestProject1\UnitTestProject1.csproj", "{F5B4664B-A5E0-468C-B593-910D73110626}"
EndProject
Project("{FAE04EC0-301F-11D3-BF4B-00C04F79EFBC}") = "UnitTestProject2", "UnitTestProject2\UnitTestProject2.csproj", "{2C999CF5-9A25-46C1-97BF-C8E1AEE41D02}"
EndProject
Global
	GlobalSection(SolutionConfigurationPlatforms) = preSolution
		Debug|Any CPU = Debug|Any CPU
		Release|Any CPU = Release|Any CPU
	EndGlobalSection
	GlobalSection(ProjectConfigurationPlatforms) = postSolution
		{0CF57BF7-B7C9-4E00-9F99-3854EE204944}.Debug|Any CPU.ActiveCfg = Debug|Any CPU
		{0CF57BF7-B7C9-4E00-9F99-3854EE204944}.Debug|Any CPU.Build.0 = Debug|Any CPU
		{0CF57BF7-B7C9-4E00-9F99-3854EE204944}.Release|Any CPU.ActiveCfg = Release|Any CPU
		{0CF57BF7-B7C9-4E00-9F99-3854EE204944}.Release|Any CPU.Build.0 = Release|Any CPU
		{F5B4664B-A5E0-468C-B593-910D73110626}.Debug|Any CPU.ActiveCfg = Debug|Any CPU
		{F5B4664B-A5E0-468C-B593-910D73110626}.Debug|Any CPU.Build.0 = Debug|Any CPU
		{F5B4664B-A5E0-468C-B593-910D73110626}.Release|Any CPU.ActiveCfg = Release|Any CPU
		{F5B4664B-A5E0-468C-B593-910D73110626}.Release|Any CPU.Build.0 = Release|Any CPU
		{2C999CF5-9A25-46C1-97BF-C8E1AEE41D02}.Debug|Any CPU.ActiveCfg = Debug|Any CPU
		{2C999CF5-9A25-46C1-97BF-C8E1AEE41D02}.Debug|Any CPU.Build.0 = Debug|Any CPU
		{2C999CF5-9A25-46C1-97BF-C8E1AEE41D02}.Release|Any CPU.ActiveCfg = Release|Any CPU
		{2C999CF5-9A25-46C1-97BF-C8E1AEE41D02}.Release|Any CPU.Build.0 = Release|Any CPU
	EndGlobalSection
	GlobalSection(SolutionProperties) = preSolution
		HideSolutionNode = FALSE
	EndGlobalSection
EndGlobal
